
Microsoft Visual Studio Solution File, Format Version 11.00
# Visual Studio 2010
Project("{FAE04EC0-301F-11D3-BF4B-00C04F79EFBC}") = "rxps", "rxps\rxps.csproj", "{BEE099B2-1D09-4FD9-9E95-ACDA1A703361}"
EndProject
Global
	GlobalSection(SolutionConfigurationPlatforms) = preSolution
		Debug|Any CPU = Debug|Any CPU
		Release|Any CPU = Release|Any CPU
	EndGlobalSection
	GlobalSection(ProjectConfigurationPlatforms) = postSolution
		{BEE099B2-1D09-4FD9-9E95-ACDA1A703361}.Debug|Any CPU.ActiveCfg = Debug|Any CPU
		{BEE099B2-1D09-4FD9-9E95-ACDA1A703361}.Debug|Any CPU.Build.0 = Debug|Any CPU
		{BEE099B2-1D09-4FD9-9E95-ACDA1A703361}.Release|Any CPU.ActiveCfg = Release|Any CPU
		{BEE099B2-1D09-4FD9-9E95-ACDA1A703361}.Release|Any CPU.Build.0 = Release|Any CPU
	EndGlobalSection
	GlobalSection(SolutionProperties) = preSolution
		HideSolutionNode = FALSE
	EndGlobalSection
EndGlobal
